
Microsoft Visual Studio Solution File, Format Version 12.00
# Visual Studio Version 17
VisualStudioVersion = 17.4.33205.214
MinimumVisualStudioVersion = 10.0.40219.1
Project("{FAE04EC0-301F-11D3-BF4B-00C04F79EFBC}") = "Airplane__Project", "Airplane__Project\Airplane__Project.csproj", "{24DD1381-C60F-4C57-936F-D7322A284615}"
EndProject
Project("{FAE04EC0-301F-11D3-BF4B-00C04F79EFBC}") = "Data", "Data\Data.csproj", "{12D36D8C-8367-4C7E-AF26-A09960707763}"
EndProject
Project("{FAE04EC0-301F-11D3-BF4B-00C04F79EFBC}") = "PlanesSimulator", "PlanesSimulator\PlanesSimulator.csproj", "{C6EF591C-FCE4-4C7E-8BBA-20307802D6D3}"
EndProject
Global
	GlobalSection(SolutionConfigurationPlatforms) = preSolution
		Debug|Any CPU = Debug|Any CPU
		Release|Any CPU = Release|Any CPU
	EndGlobalSection
	GlobalSection(ProjectConfigurationPlatforms) = postSolution
		{24DD1381-C60F-4C57-936F-D7322A284615}.Debug|Any CPU.ActiveCfg = Debug|Any CPU
		{24DD1381-C60F-4C57-936F-D7322A284615}.Debug|Any CPU.Build.0 = Debug|Any CPU
		{24DD1381-C60F-4C57-936F-D7322A284615}.Release|Any CPU.ActiveCfg = Release|Any CPU
		{24DD1381-C60F-4C57-936F-D7322A284615}.Release|Any CPU.Build.0 = Release|Any CPU
		{12D36D8C-8367-4C7E-AF26-A09960707763}.Debug|Any CPU.ActiveCfg = Debug|Any CPU
		{12D36D8C-8367-4C7E-AF26-A09960707763}.Debug|Any CPU.Build.0 = Debug|Any CPU
		{12D36D8C-8367-4C7E-AF26-A09960707763}.Release|Any CPU.ActiveCfg = Release|Any CPU
		{12D36D8C-8367-4C7E-AF26-A09960707763}.Release|Any CPU.Build.0 = Release|Any CPU
		{C6EF591C-FCE4-4C7E-8BBA-20307802D6D3}.Debug|Any CPU.ActiveCfg = Debug|Any CPU
		{C6EF591C-FCE4-4C7E-8BBA-20307802D6D3}.Debug|Any CPU.Build.0 = Debug|Any CPU
		{C6EF591C-FCE4-4C7E-8BBA-20307802D6D3}.Release|Any CPU.ActiveCfg = Release|Any CPU
		{C6EF591C-FCE4-4C7E-8BBA-20307802D6D3}.Release|Any CPU.Build.0 = Release|Any CPU
	EndGlobalSection
	GlobalSection(SolutionProperties) = preSolution
		HideSolutionNode = FALSE
	EndGlobalSection
	GlobalSection(ExtensibilityGlobals) = postSolution
		SolutionGuid = {61BF1AAF-B6AC-466A-AB3C-D76276B9253D}
	EndGlobalSection
EndGlobal
